
Microsoft Visual Studio Solution File, Format Version 12.00
# Visual Studio Version 17
VisualStudioVersion = 17.0.32112.339
MinimumVisualStudioVersion = 10.0.40219.1
Project("{FAE04EC0-301F-11D3-BF4B-00C04F79EFBC}") = "LinqMethodsPart02", "LinqMethodsPart02\LinqMethodsPart02.csproj", "{B73CF0DB-FAB8-4E8F-8A62-CEC027914605}"
EndProject
Global
	GlobalSection(SolutionConfigurationPlatforms) = preSolution
		Debug|Any CPU = Debug|Any CPU
		Release|Any CPU = Release|Any CPU
	EndGlobalSection
	GlobalSection(ProjectConfigurationPlatforms) = postSolution
		{B73CF0DB-FAB8-4E8F-8A62-CEC027914605}.Debug|Any CPU.ActiveCfg = Debug|Any CPU
		{B73CF0DB-FAB8-4E8F-8A62-CEC027914605}.Debug|Any CPU.Build.0 = Debug|Any CPU
		{B73CF0DB-FAB8-4E8F-8A62-CEC027914605}.Release|Any CPU.ActiveCfg = Release|Any CPU
		{B73CF0DB-FAB8-4E8F-8A62-CEC027914605}.Release|Any CPU.Build.0 = Release|Any CPU
	EndGlobalSection
	GlobalSection(SolutionProperties) = preSolution
		HideSolutionNode = FALSE
	EndGlobalSection
	GlobalSection(ExtensibilityGlobals) = postSolution
		SolutionGuid = {DF72B69C-B76B-45F3-B46C-7ABF3DBCD90B}
	EndGlobalSection
EndGlobal
